
Microsoft Visual Studio Solution File, Format Version 12.00
# Visual Studio 15
VisualStudioVersion = 15.0.26730.12
MinimumVisualStudioVersion = 10.0.40219.1
Project("{FAE04EC0-301F-11D3-BF4B-00C04F79EFBC}") = "Battleships", "Battleships\Battleships.csproj", "{4E075521-F60D-43CA-B4B8-64ABF8B75DFE}"
EndProject
Global
	GlobalSection(SolutionConfigurationPlatforms) = preSolution
		Debug|Any CPU = Debug|Any CPU
		Release|Any CPU = Release|Any CPU
	EndGlobalSection
	GlobalSection(ProjectConfigurationPlatforms) = postSolution
		{4E075521-F60D-43CA-B4B8-64ABF8B75DFE}.Debug|Any CPU.ActiveCfg = Debug|Any CPU
		{4E075521-F60D-43CA-B4B8-64ABF8B75DFE}.Debug|Any CPU.Build.0 = Debug|Any CPU
		{4E075521-F60D-43CA-B4B8-64ABF8B75DFE}.Release|Any CPU.ActiveCfg = Release|Any CPU
		{4E075521-F60D-43CA-B4B8-64ABF8B75DFE}.Release|Any CPU.Build.0 = Release|Any CPU
	EndGlobalSection
	GlobalSection(SolutionProperties) = preSolution
		HideSolutionNode = FALSE
	EndGlobalSection
	GlobalSection(ExtensibilityGlobals) = postSolution
		SolutionGuid = {AC376BE7-B656-4B86-B05A-3144358B6718}
	EndGlobalSection
EndGlobal
